{
  "object": {
    "pins": [
      {
        "package": "ActiveLabel",
        "repositoryURL": "https://github.com/imodeveloperlab/ActiveLabel.swift",
        "state": {
          "branch": null,
          "revision": "ad145ba677be2f8e342033a1cadd8fee4059e017",
          "version": "1.1.7"
        }
      },
      {
        "package": "Cartography",
        "repositoryURL": "https://github.com/robb/Cartography",
        "state": {
          "branch": null,
          "revision": "b75197ea134f42b5feafb04b526b37eb1a41034b",
          "version": "4.0.0"
        }
      },
      {
        "package": "Fakery",
        "repositoryURL": "https://github.com/vadymmarkov/Fakery",
        "state": {
          "branch": null,
          "revision": "71cb3bf36a808534659d1248780c2bf3c4c4fc91",
          "version": "5.1.0"
        }
      },
      {
        "package": "HorizonCalendar",
        "repositoryURL": "https://github.com/airbnb/HorizonCalendar.git",
        "state": {
          "branch": null,
          "revision": "1e98736e42fe4e5bea39ce8b89838641f2261c32",
          "version": "1.13.3"
        }
      },
      {
        "package": "Kingfisher",
        "repositoryURL": "https://github.com/onevcat/Kingfisher",
        "state": {
          "branch": null,
          "revision": "5b92f029fab2cce44386d28588098b5be0824ef5",
          "version": "7.11.0"
        }
      }
    ]
  },
  "version": 1
}
