{
  "object": {
    "pins": [
      {
        "package": "SDWebImage",
        "repositoryURL": "https://github.com/SDWebImage/SDWebImage.git",
        "state": {
          "branch": null,
          "revision": "f6afa0132961d593f07970d84e2d8b588c29ea04",
          "version": "5.19.1"
        }
      },
      {
        "package": "SDWebImageSwiftUI",
        "repositoryURL": "https://github.com/SDWebImage/SDWebImageSwiftUI.git",
        "state": {
          "branch": null,
          "revision": "53573d6dd017e354c0e7d8f1c86b77ef1383c996",
          "version": "2.2.7"
        }
      }
    ]
  },
  "version": 1
}
